dependencies:
  espressif/esp_modem:
    component_hash: 40af7f39c6c8c0c85c98014721fca8d9d2186f18f70645c66b94548192cf1e03
    dependencies:
    - name: idf
      require: private
      version: '>=4.1'
    source:
      registry_url: https://components.espressif.com/
      type: service
    version: 1.4.2
  espressif/led_strip:
    component_hash: 28621486f77229aaf81c71f5e15d6fbf36c2949cf11094e07090593e659e7639
    dependencies:
    - name: idf
      require: private
      version: '>=5.0'
    source:
      registry_url: https://components.espressif.com/
      type: service
    version: 3.0.3
  idf:
    source:
      type: idf
    version: 6.0.1
  mqtt:
    component_hash: e7010c957e7412d69b97ea869ed629dcebebc0d8c3207197272819d144ae65c3
    dependencies:
    - name: idf
      version: '>=5.3'
    source:
      git: https://github.com/espressif/esp-mqtt.git
      path: .
      type: git
    version: 2c3e1e0942afcc5b3cea2710ffe220fe699da02a
direct_dependencies:
- espressif/esp_modem
- espressif/led_strip
- mqtt
manifest_hash: 8a89f88325eff9b96d3a3c64d7fcf50c27ff45a688d8d46f971059a682cab636
target: esp32
version: 3.0.0
